
Microsoft Visual Studio Solution File, Format Version 12.00
# Visual Studio Version 17
VisualStudioVersion = 17.6.33801.468
MinimumVisualStudioVersion = 10.0.40219.1
Project("{9A19103F-16F7-4668-BE54-9A1E7A4F7556}") = "testDD", "testDD\testDD.csproj", "{71520B03-6F2E-4C24-9520-6FF884E8E168}"
EndProject
Project("{FAE04EC0-301F-11D3-BF4B-00C04F79EFBC}") = "CoreContext", "CoreContext\CoreContext.csproj", "{E0335D3C-1BA5-4779-94C5-7A248706FC6B}"
EndProject
Project("{FAE04EC0-301F-11D3-BF4B-00C04F79EFBC}") = "TestApp", "TestApp\TestApp.csproj", "{2EA17B75-268F-45FE-93CE-A262543E6598}"
EndProject
Global
	GlobalSection(SolutionConfigurationPlatforms) = preSolution
		Debug|Any CPU = Debug|Any CPU
		Release|Any CPU = Release|Any CPU
	EndGlobalSection
	GlobalSection(ProjectConfigurationPlatforms) = postSolution
		{71520B03-6F2E-4C24-9520-6FF884E8E168}.Debug|Any CPU.ActiveCfg = Debug|Any CPU
		{71520B03-6F2E-4C24-9520-6FF884E8E168}.Debug|Any CPU.Build.0 = Debug|Any CPU
		{71520B03-6F2E-4C24-9520-6FF884E8E168}.Release|Any CPU.ActiveCfg = Release|Any CPU
		{71520B03-6F2E-4C24-9520-6FF884E8E168}.Release|Any CPU.Build.0 = Release|Any CPU
		{E0335D3C-1BA5-4779-94C5-7A248706FC6B}.Debug|Any CPU.ActiveCfg = Debug|Any CPU
		{E0335D3C-1BA5-4779-94C5-7A248706FC6B}.Debug|Any CPU.Build.0 = Debug|Any CPU
		{E0335D3C-1BA5-4779-94C5-7A248706FC6B}.Release|Any CPU.ActiveCfg = Release|Any CPU
		{E0335D3C-1BA5-4779-94C5-7A248706FC6B}.Release|Any CPU.Build.0 = Release|Any CPU
		{2EA17B75-268F-45FE-93CE-A262543E6598}.Debug|Any CPU.ActiveCfg = Debug|Any CPU
		{2EA17B75-268F-45FE-93CE-A262543E6598}.Debug|Any CPU.Build.0 = Debug|Any CPU
		{2EA17B75-268F-45FE-93CE-A262543E6598}.Release|Any CPU.ActiveCfg = Release|Any CPU
		{2EA17B75-268F-45FE-93CE-A262543E6598}.Release|Any CPU.Build.0 = Release|Any CPU
	EndGlobalSection
	GlobalSection(SolutionProperties) = preSolution
		HideSolutionNode = FALSE
	EndGlobalSection
	GlobalSection(ExtensibilityGlobals) = postSolution
		SolutionGuid = {356EB47F-18BC-48C3-9322-39219EB0A5CC}
	EndGlobalSection
EndGlobal
